# This file is automatically @generated by Cargo.
# It is not intended for manual editing.
version = 4

[[package]]
name = "openwrt-uci"
version = "0.1.0"

[[package]]
name = "openwrt-uci-transport"
version = "0.1.0"
dependencies = [
 "openwrt-uci",
]

[[package]]
name = "ubus-facade"
version = "0.1.0"

[[package]]
name = "ubus-http"
version = "0.1.0"
dependencies = [
 "ubus-facade",
 "ubus-proto",
]

[[package]]
name = "ubus-proto"
version = "0.1.0"

[[package]]
name = "uci-inventory"
version = "0.1.0"
dependencies = [
 "ubus-facade",
]
